Microsoft Visual Studio Solution File, Format Version 12.00
# Visual Studio 15
VisualStudioVersion = 15.0.28010.2036
MinimumVisualStudioVersion = 10.0.40219.1
Project("{FAE04EC0-301F-11D3-BF4B-00C04F79EFBC}") = "C#Inventory", "C#Inventory.csproj", "{6728F574-2EEE-40E3-975A-B42D5577C8DA}"
EndProject
Project("{FAE04EC0-301F-11D3-BF4B-00C04F79EFBC}") = "CSharpInventory.Tests", "..\CSharpInventory.Tests\CSharpInventory.Tests.csproj", "{64A83A44-B8A9-4B34-8FA5-587BE7BAF16B}"
EndProject
Global
	GlobalSection(SolutionConfigurationPlatforms) = preSolution
		Debug|Any CPU = Debug|Any CPU
		Release|Any CPU = Release|Any CPU
		Tools|Any CPU = Tools|Any CPU
	EndGlobalSection
	GlobalSection(ProjectConfigurationPlatforms) = postSolution
		{6728F574-2EEE-40E3-975A-B42D5577C8DA}.Debug|Any CPU.ActiveCfg = Debug|Any CPU
		{6728F574-2EEE-40E3-975A-B42D5577C8DA}.Debug|Any CPU.Build.0 = Debug|Any CPU
		{6728F574-2EEE-40E3-975A-B42D5577C8DA}.Release|Any CPU.ActiveCfg = Release|Any CPU
		{6728F574-2EEE-40E3-975A-B42D5577C8DA}.Release|Any CPU.Build.0 = Release|Any CPU
		{6728F574-2EEE-40E3-975A-B42D5577C8DA}.Tools|Any CPU.ActiveCfg = Tools|Any CPU
		{6728F574-2EEE-40E3-975A-B42D5577C8DA}.Tools|Any CPU.Build.0 = Tools|Any CPU
		{64A83A44-B8A9-4B34-8FA5-587BE7BAF16B}.Debug|Any CPU.ActiveCfg = Debug|Any CPU
		{64A83A44-B8A9-4B34-8FA5-587BE7BAF16B}.Debug|Any CPU.Build.0 = Debug|Any CPU
		{64A83A44-B8A9-4B34-8FA5-587BE7BAF16B}.Release|Any CPU.ActiveCfg = Release|Any CPU
		{64A83A44-B8A9-4B34-8FA5-587BE7BAF16B}.Release|Any CPU.Build.0 = Release|Any CPU
		{64A83A44-B8A9-4B34-8FA5-587BE7BAF16B}.Tools|Any CPU.ActiveCfg = Release|Any CPU
		{64A83A44-B8A9-4B34-8FA5-587BE7BAF16B}.Tools|Any CPU.Build.0 = Release|Any CPU
	EndGlobalSection
	GlobalSection(SolutionProperties) = preSolution
		HideSolutionNode = FALSE
	EndGlobalSection
	GlobalSection(ExtensibilityGlobals) = postSolution
		SolutionGuid = {D3D25A9E-B3D0-49C9-AE83-A83FAE36A292}
	EndGlobalSection
EndGlobal
