
Microsoft Visual Studio Solution File, Format Version 12.00
# Visual Studio Version 16
VisualStudioVersion = 16.0.29505.145
MinimumVisualStudioVersion = 10.0.40219.1
Project("{9A19103F-16F7-4668-BE54-9A1E7A4F7556}") = "InventoryBackend", "InventoryBackend\InventoryBackend.csproj", "{982C1F5A-15F9-41D2-AB90-7B5F30B742EA}"
EndProject
Project("{9A19103F-16F7-4668-BE54-9A1E7A4F7556}") = "InventoryBackend.Tests", "InventoryBackend.Tests\InventoryBackend.Tests.csproj", "{9F592070-C12A-48B8-BF57-E6C01C9A9450}"
EndProject
Project("{FAE04EC0-301F-11D3-BF4B-00C04F79EFBC}") = "InventoryBackend.Data", "InventoryBackend.Data\InventoryBackend.Data.csproj", "{C9F53946-8C80-4463-B4AC-532F259862A2}"
EndProject
Global
	GlobalSection(SolutionConfigurationPlatforms) = preSolution
		Debug|Any CPU = Debug|Any CPU
		Release|Any CPU = Release|Any CPU
	EndGlobalSection
	GlobalSection(ProjectConfigurationPlatforms) = postSolution
		{982C1F5A-15F9-41D2-AB90-7B5F30B742EA}.Debug|Any CPU.ActiveCfg = Debug|Any CPU
		{982C1F5A-15F9-41D2-AB90-7B5F30B742EA}.Debug|Any CPU.Build.0 = Debug|Any CPU
		{982C1F5A-15F9-41D2-AB90-7B5F30B742EA}.Release|Any CPU.ActiveCfg = Release|Any CPU
		{982C1F5A-15F9-41D2-AB90-7B5F30B742EA}.Release|Any CPU.Build.0 = Release|Any CPU
		{9F592070-C12A-48B8-BF57-E6C01C9A9450}.Debug|Any CPU.ActiveCfg = Debug|Any CPU
		{9F592070-C12A-48B8-BF57-E6C01C9A9450}.Debug|Any CPU.Build.0 = Debug|Any CPU
		{9F592070-C12A-48B8-BF57-E6C01C9A9450}.Release|Any CPU.ActiveCfg = Release|Any CPU
		{9F592070-C12A-48B8-BF57-E6C01C9A9450}.Release|Any CPU.Build.0 = Release|Any CPU
		{C9F53946-8C80-4463-B4AC-532F259862A2}.Debug|Any CPU.ActiveCfg = Debug|Any CPU
		{C9F53946-8C80-4463-B4AC-532F259862A2}.Debug|Any CPU.Build.0 = Debug|Any CPU
		{C9F53946-8C80-4463-B4AC-532F259862A2}.Release|Any CPU.ActiveCfg = Release|Any CPU
		{C9F53946-8C80-4463-B4AC-532F259862A2}.Release|Any CPU.Build.0 = Release|Any CPU
	EndGlobalSection
	GlobalSection(SolutionProperties) = preSolution
		HideSolutionNode = FALSE
	EndGlobalSection
	GlobalSection(ExtensibilityGlobals) = postSolution
		SolutionGuid = {C8740E0D-D714-4131-B7F2-F5B3D33AF122}
	EndGlobalSection
EndGlobal
